
Microsoft Visual Studio Solution File, Format Version 12.00
Project("{FAE04EC0-301F-11D3-BF4B-00C04F79EFBC}") = "MVVMSample001", "MVVMSample001\MVVMSample001.csproj", "{99F42892-8739-4201-8829-C7595BB2669C}"
EndProject
Project("{FAE04EC0-301F-11D3-BF4B-00C04F79EFBC}") = "MVVMSample002", "MVVMSample002\MVVMSample002.csproj", "{6A9E6E7E-B81B-4F25-B2E9-300F4B0F093A}"
EndProject
Project("{FAE04EC0-301F-11D3-BF4B-00C04F79EFBC}") = "MVVMSample003", "MVVMSample003\MVVMSample003.csproj", "{411EDEB3-C8F8-4DBF-ABEA-36658AB5A788}"
EndProject
Project("{FAE04EC0-301F-11D3-BF4B-00C04F79EFBC}") = "MVVMSample004", "MVVMSample004\MVVMSample004.csproj", "{F7CF1793-32C4-4AB5-BE61-CD67A733A009}"
EndProject
Project("{FAE04EC0-301F-11D3-BF4B-00C04F79EFBC}") = "MVVMSample005", "MVVMSample005\MVVMSample005.csproj", "{55EDBD22-384D-4973-ADE0-5E7C5C4C3232}"
EndProject
Project("{FAE04EC0-301F-11D3-BF4B-00C04F79EFBC}") = "MVVMSample006", "MVVMSample006\MVVMSample006.csproj", "{84A1C77B-5C99-4062-B3B9-FE2BDCAFE238}"
EndProject
Project("{FAE04EC0-301F-11D3-BF4B-00C04F79EFBC}") = "MVVMSample007", "MVVMSample007\MVVMSample007.csproj", "{C5184B71-C8A1-42E5-8DDD-8E52703AB6D9}"
EndProject
Project("{FAE04EC0-301F-11D3-BF4B-00C04F79EFBC}") = "MVVMSample008", "MVVMSample008\MVVMSample008.csproj", "{221EB699-E7CA-4501-8D0D-8E28DE428071}"
EndProject
Project("{FAE04EC0-301F-11D3-BF4B-00C04F79EFBC}") = "MVVMSample009", "MVVMSample009\MVVMSample009.csproj", "{CA893C4F-B009-472F-8ADD-C4C65B62D427}"
EndProject
Project("{FAE04EC0-301F-11D3-BF4B-00C04F79EFBC}") = "MVVMSample010", "MVVMSample010\MVVMSample010.csproj", "{AFD7A9BA-6161-45EC-9F0E-60847871D6E6}"
EndProject
Project("{FAE04EC0-301F-11D3-BF4B-00C04F79EFBC}") = "MVVMSample011", "MVVMSample011\MVVMSample011.csproj", "{16B7BA60-60AF-4C66-8044-5E0BAEFCBE6B}"
EndProject
Global
	GlobalSection(SolutionConfigurationPlatforms) = preSolution
		Debug|Any CPU = Debug|Any CPU
		Release|Any CPU = Release|Any CPU
	EndGlobalSection
	GlobalSection(ProjectConfigurationPlatforms) = postSolution
		{99F42892-8739-4201-8829-C7595BB2669C}.Debug|Any CPU.ActiveCfg = Debug|Any CPU
		{99F42892-8739-4201-8829-C7595BB2669C}.Debug|Any CPU.Build.0 = Debug|Any CPU
		{99F42892-8739-4201-8829-C7595BB2669C}.Release|Any CPU.ActiveCfg = Release|Any CPU
		{99F42892-8739-4201-8829-C7595BB2669C}.Release|Any CPU.Build.0 = Release|Any CPU
		{6A9E6E7E-B81B-4F25-B2E9-300F4B0F093A}.Debug|Any CPU.ActiveCfg = Debug|Any CPU
		{6A9E6E7E-B81B-4F25-B2E9-300F4B0F093A}.Debug|Any CPU.Build.0 = Debug|Any CPU
		{6A9E6E7E-B81B-4F25-B2E9-300F4B0F093A}.Release|Any CPU.ActiveCfg = Release|Any CPU
		{6A9E6E7E-B81B-4F25-B2E9-300F4B0F093A}.Release|Any CPU.Build.0 = Release|Any CPU
		{411EDEB3-C8F8-4DBF-ABEA-36658AB5A788}.Debug|Any CPU.ActiveCfg = Debug|Any CPU
		{411EDEB3-C8F8-4DBF-ABEA-36658AB5A788}.Debug|Any CPU.Build.0 = Debug|Any CPU
		{411EDEB3-C8F8-4DBF-ABEA-36658AB5A788}.Release|Any CPU.ActiveCfg = Release|Any CPU
		{411EDEB3-C8F8-4DBF-ABEA-36658AB5A788}.Release|Any CPU.Build.0 = Release|Any CPU
		{F7CF1793-32C4-4AB5-BE61-CD67A733A009}.Debug|Any CPU.ActiveCfg = Debug|Any CPU
		{F7CF1793-32C4-4AB5-BE61-CD67A733A009}.Debug|Any CPU.Build.0 = Debug|Any CPU
		{F7CF1793-32C4-4AB5-BE61-CD67A733A009}.Release|Any CPU.ActiveCfg = Release|Any CPU
		{F7CF1793-32C4-4AB5-BE61-CD67A733A009}.Release|Any CPU.Build.0 = Release|Any CPU
		{55EDBD22-384D-4973-ADE0-5E7C5C4C3232}.Debug|Any CPU.ActiveCfg = Debug|Any CPU
		{55EDBD22-384D-4973-ADE0-5E7C5C4C3232}.Debug|Any CPU.Build.0 = Debug|Any CPU
		{55EDBD22-384D-4973-ADE0-5E7C5C4C3232}.Release|Any CPU.ActiveCfg = Release|Any CPU
		{55EDBD22-384D-4973-ADE0-5E7C5C4C3232}.Release|Any CPU.Build.0 = Release|Any CPU
		{84A1C77B-5C99-4062-B3B9-FE2BDCAFE238}.Debug|Any CPU.ActiveCfg = Debug|Any CPU
		{84A1C77B-5C99-4062-B3B9-FE2BDCAFE238}.Debug|Any CPU.Build.0 = Debug|Any CPU
		{84A1C77B-5C99-4062-B3B9-FE2BDCAFE238}.Release|Any CPU.ActiveCfg = Release|Any CPU
		{84A1C77B-5C99-4062-B3B9-FE2BDCAFE238}.Release|Any CPU.Build.0 = Release|Any CPU
		{C5184B71-C8A1-42E5-8DDD-8E52703AB6D9}.Debug|Any CPU.ActiveCfg = Debug|Any CPU
		{C5184B71-C8A1-42E5-8DDD-8E52703AB6D9}.Debug|Any CPU.Build.0 = Debug|Any CPU
		{C5184B71-C8A1-42E5-8DDD-8E52703AB6D9}.Release|Any CPU.ActiveCfg = Release|Any CPU
		{C5184B71-C8A1-42E5-8DDD-8E52703AB6D9}.Release|Any CPU.Build.0 = Release|Any CPU
		{221EB699-E7CA-4501-8D0D-8E28DE428071}.Debug|Any CPU.ActiveCfg = Debug|Any CPU
		{221EB699-E7CA-4501-8D0D-8E28DE428071}.Debug|Any CPU.Build.0 = Debug|Any CPU
		{221EB699-E7CA-4501-8D0D-8E28DE428071}.Release|Any CPU.ActiveCfg = Release|Any CPU
		{221EB699-E7CA-4501-8D0D-8E28DE428071}.Release|Any CPU.Build.0 = Release|Any CPU
		{CA893C4F-B009-472F-8ADD-C4C65B62D427}.Debug|Any CPU.ActiveCfg = Debug|Any CPU
		{CA893C4F-B009-472F-8ADD-C4C65B62D427}.Debug|Any CPU.Build.0 = Debug|Any CPU
		{CA893C4F-B009-472F-8ADD-C4C65B62D427}.Release|Any CPU.ActiveCfg = Release|Any CPU
		{CA893C4F-B009-472F-8ADD-C4C65B62D427}.Release|Any CPU.Build.0 = Release|Any CPU
		{AFD7A9BA-6161-45EC-9F0E-60847871D6E6}.Debug|Any CPU.ActiveCfg = Debug|Any CPU
		{AFD7A9BA-6161-45EC-9F0E-60847871D6E6}.Debug|Any CPU.Build.0 = Debug|Any CPU
		{AFD7A9BA-6161-45EC-9F0E-60847871D6E6}.Release|Any CPU.ActiveCfg = Release|Any CPU
		{AFD7A9BA-6161-45EC-9F0E-60847871D6E6}.Release|Any CPU.Build.0 = Release|Any CPU
		{16B7BA60-60AF-4C66-8044-5E0BAEFCBE6B}.Debug|Any CPU.ActiveCfg = Debug|Any CPU
		{16B7BA60-60AF-4C66-8044-5E0BAEFCBE6B}.Debug|Any CPU.Build.0 = Debug|Any CPU
		{16B7BA60-60AF-4C66-8044-5E0BAEFCBE6B}.Release|Any CPU.ActiveCfg = Release|Any CPU
		{16B7BA60-60AF-4C66-8044-5E0BAEFCBE6B}.Release|Any CPU.Build.0 = Release|Any CPU
	EndGlobalSection
EndGlobal
